
Microsoft Visual Studio Solution File, Format Version 12.00
# Visual Studio Version 16
VisualStudioVersion = 16.0.30804.86
MinimumVisualStudioVersion = 10.0.40219.1
Project("{FAE04EC0-301F-11D3-BF4B-00C04F79EFBC}") = "elektroniksecim_v0", "elektroniksecim_v0\elektroniksecim_v0.csproj", "{CD0610E5-DDA0-4B70-8E30-BFEC0CE7C65E}"
EndProject
Global
	GlobalSection(SolutionConfigurationPlatforms) = preSolution
		Debug|Any CPU = Debug|Any CPU
		Release|Any CPU = Release|Any CPU
	EndGlobalSection
	GlobalSection(ProjectConfigurationPlatforms) = postSolution
		{CD0610E5-DDA0-4B70-8E30-BFEC0CE7C65E}.Debug|Any CPU.ActiveCfg = Debug|Any CPU
		{CD0610E5-DDA0-4B70-8E30-BFEC0CE7C65E}.Debug|Any CPU.Build.0 = Debug|Any CPU
		{CD0610E5-DDA0-4B70-8E30-BFEC0CE7C65E}.Release|Any CPU.ActiveCfg = Release|Any CPU
		{CD0610E5-DDA0-4B70-8E30-BFEC0CE7C65E}.Release|Any CPU.Build.0 = Release|Any CPU
	EndGlobalSection
	GlobalSection(SolutionProperties) = preSolution
		HideSolutionNode = FALSE
	EndGlobalSection
	GlobalSection(ExtensibilityGlobals) = postSolution
		SolutionGuid = {84D4FF37-B9F5-452C-AE23-38FB744C0D03}
	EndGlobalSection
EndGlobal
